
Microsoft Visual Studio Solution File, Format Version 12.00
# Visual Studio Version 16
VisualStudioVersion = 16.0.29613.14
MinimumVisualStudioVersion = 10.0.40219.1
Project("{FAE04EC0-301F-11D3-BF4B-00C04F79EFBC}") = "Notes.Android", "Notes\Notes.Android\Notes.Android.csproj", "{B608E781-4EF5-4379-BB3D-E51CCBDEEEF1}"
EndProject
Project("{FAE04EC0-301F-11D3-BF4B-00C04F79EFBC}") = "Notes.iOS", "Notes\Notes.iOS\Notes.iOS.csproj", "{8D1761BE-5D54-4586-BCE4-07D8C9BE1B3D}"
EndProject
Project("{FAE04EC0-301F-11D3-BF4B-00C04F79EFBC}") = "Notes", "Notes\Notes\Notes.csproj", "{206D91AE-C93A-4641-BF38-785F2965DCDE}"
EndProject
Global
	GlobalSection(SolutionConfigurationPlatforms) = preSolution
		Debug|Any CPU = Debug|Any CPU
		Debug|iPhone = Debug|iPhone
		Debug|iPhoneSimulator = Debug|iPhoneSimulator
		Release|Any CPU = Release|Any CPU
		Release|iPhone = Release|iPhone
		Release|iPhoneSimulator = Release|iPhoneSimulator
	EndGlobalSection
	GlobalSection(ProjectConfigurationPlatforms) = postSolution
		{B608E781-4EF5-4379-BB3D-E51CCBDEEEF1}.Debug|Any CPU.ActiveCfg = Debug|Any CPU
		{B608E781-4EF5-4379-BB3D-E51CCBDEEEF1}.Debug|Any CPU.Build.0 = Debug|Any CPU
		{B608E781-4EF5-4379-BB3D-E51CCBDEEEF1}.Debug|Any CPU.Deploy.0 = Debug|Any CPU
		{B608E781-4EF5-4379-BB3D-E51CCBDEEEF1}.Debug|iPhone.ActiveCfg = Debug|Any CPU
		{B608E781-4EF5-4379-BB3D-E51CCBDEEEF1}.Debug|iPhone.Build.0 = Debug|Any CPU
		{B608E781-4EF5-4379-BB3D-E51CCBDEEEF1}.Debug|iPhone.Deploy.0 = Debug|Any CPU
		{B608E781-4EF5-4379-BB3D-E51CCBDEEEF1}.Debug|iPhoneSimulator.ActiveCfg = Debug|Any CPU
		{B608E781-4EF5-4379-BB3D-E51CCBDEEEF1}.Debug|iPhoneSimulator.Build.0 = Debug|Any CPU
		{B608E781-4EF5-4379-BB3D-E51CCBDEEEF1}.Debug|iPhoneSimulator.Deploy.0 = Debug|Any CPU
		{B608E781-4EF5-4379-BB3D-E51CCBDEEEF1}.Release|Any CPU.ActiveCfg = Release|Any CPU
		{B608E781-4EF5-4379-BB3D-E51CCBDEEEF1}.Release|Any CPU.Build.0 = Release|Any CPU
		{B608E781-4EF5-4379-BB3D-E51CCBDEEEF1}.Release|Any CPU.Deploy.0 = Release|Any CPU
		{B608E781-4EF5-4379-BB3D-E51CCBDEEEF1}.Release|iPhone.ActiveCfg = Release|Any CPU
		{B608E781-4EF5-4379-BB3D-E51CCBDEEEF1}.Release|iPhone.Build.0 = Release|Any CPU
		{B608E781-4EF5-4379-BB3D-E51CCBDEEEF1}.Release|iPhone.Deploy.0 = Release|Any CPU
		{B608E781-4EF5-4379-BB3D-E51CCBDEEEF1}.Release|iPhoneSimulator.ActiveCfg = Release|Any CPU
		{B608E781-4EF5-4379-BB3D-E51CCBDEEEF1}.Release|iPhoneSimulator.Build.0 = Release|Any CPU
		{B608E781-4EF5-4379-BB3D-E51CCBDEEEF1}.Release|iPhoneSimulator.Deploy.0 = Release|Any CPU
		{8D1761BE-5D54-4586-BCE4-07D8C9BE1B3D}.Debug|Any CPU.ActiveCfg = Debug|iPhoneSimulator
		{8D1761BE-5D54-4586-BCE4-07D8C9BE1B3D}.Debug|Any CPU.Build.0 = Debug|iPhoneSimulator
		{8D1761BE-5D54-4586-BCE4-07D8C9BE1B3D}.Debug|Any CPU.Deploy.0 = Debug|iPhoneSimulator
		{8D1761BE-5D54-4586-BCE4-07D8C9BE1B3D}.Debug|iPhone.ActiveCfg = Debug|iPhone
		{8D1761BE-5D54-4586-BCE4-07D8C9BE1B3D}.Debug|iPhone.Build.0 = Debug|iPhone
		{8D1761BE-5D54-4586-BCE4-07D8C9BE1B3D}.Debug|iPhone.Deploy.0 = Debug|iPhone
		{8D1761BE-5D54-4586-BCE4-07D8C9BE1B3D}.Debug|iPhoneSimulator.ActiveCfg = Debug|iPhoneSimulator
		{8D1761BE-5D54-4586-BCE4-07D8C9BE1B3D}.Debug|iPhoneSimulator.Build.0 = Debug|iPhoneSimulator
		{8D1761BE-5D54-4586-BCE4-07D8C9BE1B3D}.Debug|iPhoneSimulator.Deploy.0 = Debug|iPhoneSimulator
		{8D1761BE-5D54-4586-BCE4-07D8C9BE1B3D}.Release|Any CPU.ActiveCfg = Release|iPhone
		{8D1761BE-5D54-4586-BCE4-07D8C9BE1B3D}.Release|Any CPU.Build.0 = Release|iPhone
		{8D1761BE-5D54-4586-BCE4-07D8C9BE1B3D}.Release|Any CPU.Deploy.0 = Release|iPhone
		{8D1761BE-5D54-4586-BCE4-07D8C9BE1B3D}.Release|iPhone.ActiveCfg = Release|iPhone
		{8D1761BE-5D54-4586-BCE4-07D8C9BE1B3D}.Release|iPhone.Build.0 = Release|iPhone
		{8D1761BE-5D54-4586-BCE4-07D8C9BE1B3D}.Release|iPhone.Deploy.0 = Release|iPhone
		{8D1761BE-5D54-4586-BCE4-07D8C9BE1B3D}.Release|iPhoneSimulator.ActiveCfg = Release|iPhoneSimulator
		{8D1761BE-5D54-4586-BCE4-07D8C9BE1B3D}.Release|iPhoneSimulator.Build.0 = Release|iPhoneSimulator
		{8D1761BE-5D54-4586-BCE4-07D8C9BE1B3D}.Release|iPhoneSimulator.Deploy.0 = Release|iPhoneSimulator
		{206D91AE-C93A-4641-BF38-785F2965DCDE}.Debug|Any CPU.ActiveCfg = Debug|Any CPU
		{206D91AE-C93A-4641-BF38-785F2965DCDE}.Debug|Any CPU.Build.0 = Debug|Any CPU
		{206D91AE-C93A-4641-BF38-785F2965DCDE}.Debug|Any CPU.Deploy.0 = Debug|Any CPU
		{206D91AE-C93A-4641-BF38-785F2965DCDE}.Debug|iPhone.ActiveCfg = Debug|Any CPU
		{206D91AE-C93A-4641-BF38-785F2965DCDE}.Debug|iPhone.Build.0 = Debug|Any CPU
		{206D91AE-C93A-4641-BF38-785F2965DCDE}.Debug|iPhone.Deploy.0 = Debug|Any CPU
		{206D91AE-C93A-4641-BF38-785F2965DCDE}.Debug|iPhoneSimulator.ActiveCfg = Debug|Any CPU
		{206D91AE-C93A-4641-BF38-785F2965DCDE}.Debug|iPhoneSimulator.Build.0 = Debug|Any CPU
		{206D91AE-C93A-4641-BF38-785F2965DCDE}.Debug|iPhoneSimulator.Deploy.0 = Debug|Any CPU
		{206D91AE-C93A-4641-BF38-785F2965DCDE}.Release|Any CPU.ActiveCfg = Release|Any CPU
		{206D91AE-C93A-4641-BF38-785F2965DCDE}.Release|Any CPU.Build.0 = Release|Any CPU
		{206D91AE-C93A-4641-BF38-785F2965DCDE}.Release|Any CPU.Deploy.0 = Release|Any CPU
		{206D91AE-C93A-4641-BF38-785F2965DCDE}.Release|iPhone.ActiveCfg = Release|Any CPU
		{206D91AE-C93A-4641-BF38-785F2965DCDE}.Release|iPhone.Build.0 = Release|Any CPU
		{206D91AE-C93A-4641-BF38-785F2965DCDE}.Release|iPhone.Deploy.0 = Release|Any CPU
		{206D91AE-C93A-4641-BF38-785F2965DCDE}.Release|iPhoneSimulator.ActiveCfg = Release|Any CPU
		{206D91AE-C93A-4641-BF38-785F2965DCDE}.Release|iPhoneSimulator.Build.0 = Release|Any CPU
		{206D91AE-C93A-4641-BF38-785F2965DCDE}.Release|iPhoneSimulator.Deploy.0 = Release|Any CPU
	EndGlobalSection
	GlobalSection(SolutionProperties) = preSolution
		HideSolutionNode = FALSE
	EndGlobalSection
	GlobalSection(ExtensibilityGlobals) = postSolution
		SolutionGuid = {3036455B-BED5-4A62-A16C-D3F3284A48B4}
	EndGlobalSection
EndGlobal
